
Microsoft Visual Studio Solution File, Format Version 12.00
# Visual Studio Version 16
VisualStudioVersion = 16.0.810.16
MinimumVisualStudioVersion = 10.0.40219.1
Project("{FAE04EC0-301F-11D3-BF4B-00C04F79EFBC}") = "leetcode", "leetcode\leetcode.csproj", "{135C1CFB-4FAF-4BDC-960D-7732C221DC9F}"
EndProject
Global
	GlobalSection(SolutionConfigurationPlatforms) = preSolution
		Debug|Any CPU = Debug|Any CPU
		Release|Any CPU = Release|Any CPU
	EndGlobalSection
	GlobalSection(ProjectConfigurationPlatforms) = postSolution
		{135C1CFB-4FAF-4BDC-960D-7732C221DC9F}.Debug|Any CPU.ActiveCfg = Debug|Any CPU
		{135C1CFB-4FAF-4BDC-960D-7732C221DC9F}.Debug|Any CPU.Build.0 = Debug|Any CPU
		{135C1CFB-4FAF-4BDC-960D-7732C221DC9F}.Release|Any CPU.ActiveCfg = Release|Any CPU
		{135C1CFB-4FAF-4BDC-960D-7732C221DC9F}.Release|Any CPU.Build.0 = Release|Any CPU
	EndGlobalSection
	GlobalSection(SolutionProperties) = preSolution
		HideSolutionNode = FALSE
	EndGlobalSection
	GlobalSection(ExtensibilityGlobals) = postSolution
		SolutionGuid = {1E2DFCC6-68F1-4B68-A7EB-A715C6CD0C88}
	EndGlobalSection
EndGlobal
