
Microsoft Visual Studio Solution File, Format Version 12.00
# Visual Studio Version 17
VisualStudioVersion = 17.7.34031.279
MinimumVisualStudioVersion = 10.0.40219.1
Project("{FAE04EC0-301F-11D3-BF4B-00C04F79EFBC}") = "leetcode", "leetcode\leetcode.csproj", "{2950D4EC-3249-4047-AB8A-820A54706B90}"
EndProject
Global
	GlobalSection(SolutionConfigurationPlatforms) = preSolution
		Debug|Any CPU = Debug|Any CPU
		Release|Any CPU = Release|Any CPU
	EndGlobalSection
	GlobalSection(ProjectConfigurationPlatforms) = postSolution
		{2950D4EC-3249-4047-AB8A-820A54706B90}.Debug|Any CPU.ActiveCfg = Debug|Any CPU
		{2950D4EC-3249-4047-AB8A-820A54706B90}.Debug|Any CPU.Build.0 = Debug|Any CPU
		{2950D4EC-3249-4047-AB8A-820A54706B90}.Release|Any CPU.ActiveCfg = Release|Any CPU
		{2950D4EC-3249-4047-AB8A-820A54706B90}.Release|Any CPU.Build.0 = Release|Any CPU
	EndGlobalSection
	GlobalSection(SolutionProperties) = preSolution
		HideSolutionNode = FALSE
	EndGlobalSection
	GlobalSection(ExtensibilityGlobals) = postSolution
		SolutionGuid = {2C43571C-237C-4FCF-A3AE-CB9DE566C163}
	EndGlobalSection
EndGlobal
